// !$*UTF8*$!
{
	archiveVersion = 1;
	classes = {
	};
	objectVersion = 56;
	objects = {

/* Begin PBXBuildFile section */
		28206F1D2CA107E900FBB2CF /* Swift_DemoApp.swift in Sources */ = {isa = PBXBuildFile; fileRef = 28206F1C2CA107E900FBB2CF /* Swift_DemoApp.swift */; };
		28206F1F2CA107E900FBB2CF /* ContentView.swift in Sources */ = {isa = PBXBuildFile; fileRef = 28206F1E2CA107E900FBB2CF /* ContentView.swift */; };
		28206F212CA107EC00FBB2CF /* Assets.xcassets in Resources */ = {isa = PBXBuildFile; fileRef = 28206F202CA107EC00FBB2CF /* Assets.xcassets */; };
		28206F252CA107EC00FBB2CF /* Preview Assets.xcassets in Resources */ = {isa = PBXBuildFile; fileRef = 28206F242CA107EC00FBB2CF /* Preview Assets.xcassets */; };
		28206F2F2CA107EC00FBB2CF /* Swift_DemoTests.swift in Sources */ = {isa = PBXBuildFile; fileRef = 28206F2E2CA107EC00FBB2CF /* Swift_DemoTests.swift */; };
		28206F392CA107EC00FBB2CF /* Swift_DemoUITests.swift in Sources */ = {isa = PBXBuildFile; fileRef = 28206F382CA107EC00FBB2CF /* Swift_DemoUITests.swift */; };
		28206F3B2CA107EC00FBB2CF /* Swift_DemoUITestsLaunchTests.swift in Sources */ = {isa = PBXBuildFile; fileRef = 28206F3A2CA107EC00FBB2CF /* Swift_DemoUITestsLaunchTests.swift */; };
/* End PBXBuildFile section */

/* Begin PBXContainerItemProxy section */
		28206F2B2CA107EC00FBB2CF /* PBXContainerItemProxy */ = {
			isa = PBXContainerItemProxy;
			containerPortal = 28206F112CA107E900FBB2CF /* Project object */;
			proxyType = 1;
			remoteGlobalIDString = 28206F182CA107E900FBB2CF;
			remoteInfo = Swift_Demo;
		};
		28206F352CA107EC00FBB2CF /* PBXContainerItemProxy */ = {
			isa = PBXContainerItemProxy;
			containerPortal = 28206F112CA107E900FBB2CF /* Project object */;
			proxyType = 1;
			remoteGlobalIDString = 28206F182CA107E900FBB2CF;
			remoteInfo = Swift_Demo;
		};
/* End PBXContainerItemProxy section */

/* Begin PBXFileReference section */
		28206F192CA107E900FBB2CF /* Swift_Demo.app */ = {isa = PBXFileReference; explicitFileType = wrapper.application; includeInIndex = 0; path = Swift_Demo.app; sourceTree = BUILT_PRODUCTS_DIR; };
		28206F1C2CA107E900FBB2CF /* Swift_DemoApp.swift */ = {isa = PBXFileReference; lastKnownFileType = sourcecode.swift; path = Swift_DemoApp.swift; sourceTree = "<group>"; };
		28206F1E2CA107E900FBB2CF /* ContentView.swift */ = {isa = PBXFileReference; lastKnownFileType = sourcecode.swift; path = ContentView.swift; sourceTree = "<group>"; };
		28206F202CA107EC00FBB2CF /* Assets.xcassets */ = {isa = PBXFileReference; lastKnownFileType = folder.assetcatalog; path = Assets.xcassets; sourceTree = "<group>"; };
		28206F222CA107EC00FBB2CF /* Swift_Demo.entitlements */ = {isa = PBXFileReference; lastKnownFileType = text.plist.entitlements; path = Swift_Demo.entitlements; sourceTree = "<group>"; };
		28206F242CA107EC00FBB2CF /* Preview Assets.xcassets */ = {isa = PBXFileReference; lastKnownFileType = folder.assetcatalog; path = "Preview Assets.xcassets"; sourceTree = "<group>"; };
		28206F2A2CA107EC00FBB2CF /* Swift_DemoTests.xctest */ = {isa = PBXFileReference; explicitFileType = wrapper.cfbundle; includeInIndex = 0; path = Swift_DemoTests.xctest; sourceTree = BUILT_PRODUCTS_DIR; };
		28206F2E2CA107EC00FBB2CF /* Swift_DemoTests.swift */ = {isa = PBXFileReference; lastKnownFileType = sourcecode.swift; path = Swift_DemoTests.swift; sourceTree = "<group>"; };
		28206F342CA107EC00FBB2CF /* Swift_DemoUITests.xctest */ = {isa = PBXFileReference; explicitFileType = wrapper.cfbundle; includeInIndex = 0; path = Swift_DemoUITests.xctest; sourceTree = BUILT_PRODUCTS_DIR; };
		28206F382CA107EC00FBB2CF /* Swift_DemoUITests.swift */ = {isa = PBXFileReference; lastKnownFileType = sourcecode.swift; path = Swift_DemoUITests.swift; sourceTree = "<group>"; };
		28206F3A2CA107EC00FBB2CF /* Swift_DemoUITestsLaunchTests.swift */ = {isa = PBXFileReference; lastKnownFileType = sourcecode.swift; path = Swift_DemoUITestsLaunchTests.swift; sourceTree = "<group>"; };
/* End PBXFileReference section */

/* Begin PBXFrameworksBuildPhase section */
		28206F162CA107E900FBB2CF /* Frameworks */ = {
			isa = PBXFrameworksBuildPhase;
			buildActionMask = 2147483647;
			files = (
			);
			runOnlyForDeploymentPostprocessing = 0;
		};
		28206F272CA107EC00FBB2CF /* Frameworks */ = {
			isa = PBXFrameworksBuildPhase;
			buildActionMask = 2147483647;
			files = (
			);
			runOnlyForDeploymentPostprocessing = 0;
		};
		28206F312CA107EC00FBB2CF /* Frameworks */ = {
			isa = PBXFrameworksBuildPhase;
			buildActionMask = 2147483647;
			files = (
			);
			runOnlyForDeploymentPostprocessing = 0;
		};
/* End PBXFrameworksBuildPhase section */

/* Begin PBXGroup section */
		28206F102CA107E900FBB2CF = {
			isa = PBXGroup;
			children = (
				28206F1B2CA107E900FBB2CF /* Swift_Demo */,
				28206F2D2CA107EC00FBB2CF /* Swift_DemoTests */,
				28206F372CA107EC00FBB2CF /* Swift_DemoUITests */,
				28206F1A2CA107E900FBB2CF /* Products */,
			);
			sourceTree = "<group>";
		};
		28206F1A2CA107E900FBB2CF /* Products */ = {
			isa = PBXGroup;
			children = (
				28206F192CA107E900FBB2CF /* Swift_Demo.app */,
				28206F2A2CA107EC00FBB2CF /* Swift_DemoTests.xctest */,
				28206F342CA107EC00FBB2CF /* Swift_DemoUITests.xctest */,
			);
			name = Products;
			sourceTree = "<group>";
		};
		28206F1B2CA107E900FBB2CF /* Swift_Demo */ = {
			isa = PBXGroup;
			children = (
				28206F1C2CA107E900FBB2CF /* Swift_DemoApp.swift */,
				28206F1E2CA107E900FBB2CF /* ContentView.swift */,
				28206F202CA107EC00FBB2CF /* Assets.xcassets */,
				28206F222CA107EC00FBB2CF /* Swift_Demo.entitlements */,
				28206F232CA107EC00FBB2CF /* Preview Content */,
			);
			path = Swift_Demo;
			sourceTree = "<group>";
		};
		28206F232CA107EC00FBB2CF /* Preview Content */ = {
			isa = PBXGroup;
			children = (
				28206F242CA107EC00FBB2CF /* Preview Assets.xcassets */,
			);
			path = "Preview Content";
			sourceTree = "<group>";
		};
		28206F2D2CA107EC00FBB2CF /* Swift_DemoTests */ = {
			isa = PBXGroup;
			children = (
				28206F2E2CA107EC00FBB2CF /* Swift_DemoTests.swift */,
			);
			path = Swift_DemoTests;
			sourceTree = "<group>";
		};
		28206F372CA107EC00FBB2CF /* Swift_DemoUITests */ = {
			isa = PBXGroup;
			children = (
				28206F382CA107EC00FBB2CF /* Swift_DemoUITests.swift */,
				28206F3A2CA107EC00FBB2CF /* Swift_DemoUITestsLaunchTests.swift */,
			);
			path = Swift_DemoUITests;
			sourceTree = "<group>";
		};
/* End PBXGroup section */

/* Begin PBXNativeTarget section */
		28206F182CA107E900FBB2CF /* Swift_Demo */ = {
			isa = PBXNativeTarget;
			buildConfigurationList = 28206F3E2CA107EC00FBB2CF /* Build configuration list for PBXNativeTarget "Swift_Demo" */;
			buildPhases = (
				28206F152CA107E900FBB2CF /* Sources */,
				28206F162CA107E900FBB2CF /* Frameworks */,
				28206F172CA107E900FBB2CF /* Resources */,
			);
			buildRules = (
			);
			dependencies = (
			);
			name = Swift_Demo;
			productName = Swift_Demo;
			productReference = 28206F192CA107E900FBB2CF /* Swift_Demo.app */;
			productType = "com.apple.product-type.application";
		};
		28206F292CA107EC00FBB2CF /* Swift_DemoTests */ = {
			isa = PBXNativeTarget;
			buildConfigurationList = 28206F412CA107EC00FBB2CF /* Build configuration list for PBXNativeTarget "Swift_DemoTests" */;
			buildPhases = (
				28206F262CA107EC00FBB2CF /* Sources */,
				28206F272CA107EC00FBB2CF /* Frameworks */,
				28206F282CA107EC00FBB2CF /* Resources */,
			);
			buildRules = (
			);
			dependencies = (
				28206F2C2CA107EC00FBB2CF /* PBXTargetDependency */,
			);
			name = Swift_DemoTests;
			productName = Swift_DemoTests;
			productReference = 28206F2A2CA107EC00FBB2CF /* Swift_DemoTests.xctest */;
			productType = "com.apple.product-type.bundle.unit-test";
		};
		28206F332CA107EC00FBB2CF /* Swift_DemoUITests */ = {
			isa = PBXNativeTarget;
			buildConfigurationList = 28206F442CA107EC00FBB2CF /* Build configuration list for PBXNativeTarget "Swift_DemoUITests" */;
			buildPhases = (
				28206F302CA107EC00FBB2CF /* Sources */,
				28206F312CA107EC00FBB2CF /* Frameworks */,
				28206F322CA107EC00FBB2CF /* Resources */,
			);
			buildRules = (
			);
			dependencies = (
				28206F362CA107EC00FBB2CF /* PBXTargetDependency */,
			);
			name = Swift_DemoUITests;
			productName = Swift_DemoUITests;
			productReference = 28206F342CA107EC00FBB2CF /* Swift_DemoUITests.xctest */;
			productType = "com.apple.product-type.bundle.ui-testing";
		};
/* End PBXNativeTarget section */

/* Begin PBXProject section */
		28206F112CA107E900FBB2CF /* Project object */ = {
			isa = PBXProject;
			attributes = {
				BuildIndependentTargetsInParallel = 1;
				LastSwiftUpdateCheck = 1540;
				LastUpgradeCheck = 1540;
				TargetAttributes = {
					28206F182CA107E900FBB2CF = {
						CreatedOnToolsVersion = 15.4;
					};
					28206F292CA107EC00FBB2CF = {
						CreatedOnToolsVersion = 15.4;
						TestTargetID = 28206F182CA107E900FBB2CF;
					};
					28206F332CA107EC00FBB2CF = {
						CreatedOnToolsVersion = 15.4;
						TestTargetID = 28206F182CA107E900FBB2CF;
					};
				};
			};
			buildConfigurationList = 28206F142CA107E900FBB2CF /* Build configuration list for PBXProject "Swift_Demo" */;
			compatibilityVersion = "Xcode 14.0";
			developmentRegion = en;
			hasScannedForEncodings = 0;
			knownRegions = (
				en,
				Base,
			);
			mainGroup = 28206F102CA107E900FBB2CF;
			productRefGroup = 28206F1A2CA107E900FBB2CF /* Products */;
			projectDirPath = "";
			projectRoot = "";
			targets = (
				28206F182CA107E900FBB2CF /* Swift_Demo */,
				28206F292CA107EC00FBB2CF /* Swift_DemoTests */,
				28206F332CA107EC00FBB2CF /* Swift_DemoUITests */,
			);
		};
/* End PBXProject section */

/* Begin PBXResourcesBuildPhase section */
		28206F172CA107E900FBB2CF /* Resources */ = {
			isa = PBXResourcesBuildPhase;
			buildActionMask = 2147483647;
			files = (
				28206F252CA107EC00FBB2CF /* Preview Assets.xcassets in Resources */,
				28206F212CA107EC00FBB2CF /* Assets.xcassets in Resources */,
			);
			runOnlyForDeploymentPostprocessing = 0;
		};
		28206F282CA107EC00FBB2CF /* Resources */ = {
			isa = PBXResourcesBuildPhase;
			buildActionMask = 2147483647;
			files = (
			);
			runOnlyForDeploymentPostprocessing = 0;
		};
		28206F322CA107EC00FBB2CF /* Resources */ = {
			isa = PBXResourcesBuildPhase;
			buildActionMask = 2147483647;
			files = (
			);
			runOnlyForDeploymentPostprocessing = 0;
		};
/* End PBXResourcesBuildPhase section */

/* Begin PBXSourcesBuildPhase section */
		28206F152CA107E900FBB2CF /* Sources */ = {
			isa = PBXSourcesBuildPhase;
			buildActionMask = 2147483647;
			files = (
				28206F1F2CA107E900FBB2CF /* ContentView.swift in Sources */,
				28206F1D2CA107E900FBB2CF /* Swift_DemoApp.swift in Sources */,
			);
			runOnlyForDeploymentPostprocessing = 0;
		};
		28206F262CA107EC00FBB2CF /* Sources */ = {
			isa = PBXSourcesBuildPhase;
			buildActionMask = 2147483647;
			files = (
				28206F2F2CA107EC00FBB2CF /* Swift_DemoTests.swift in Sources */,
			);
			runOnlyForDeploymentPostprocessing = 0;
		};
		28206F302CA107EC00FBB2CF /* Sources */ = {
			isa = PBXSourcesBuildPhase;
			buildActionMask = 2147483647;
			files = (
				28206F392CA107EC00FBB2CF /* Swift_DemoUITests.swift in Sources */,
				28206F3B2CA107EC00FBB2CF /* Swift_DemoUITestsLaunchTests.swift in Sources */,
			);
			runOnlyForDeploymentPostprocessing = 0;
		};
/* End PBXSourcesBuildPhase section */

/* Begin PBXTargetDependency section */
		28206F2C2CA107EC00FBB2CF /* PBXTargetDependency */ = {
			isa = PBXTargetDependency;
			target = 28206F182CA107E900FBB2CF /* Swift_Demo */;
			targetProxy = 28206F2B2CA107EC00FBB2CF /* PBXContainerItemProxy */;
		};
		28206F362CA107EC00FBB2CF /* PBXTargetDependency */ = {
			isa = PBXTargetDependency;
			target = 28206F182CA107E900FBB2CF /* Swift_Demo */;
			targetProxy = 28206F352CA107EC00FBB2CF /* PBXContainerItemProxy */;
		};
/* End PBXTargetDependency section */

/* Begin XCBuildConfiguration section */
		28206F3C2CA107EC00FBB2CF /* Debug */ = {
			isa = XCBuildConfiguration;
			buildSettings = {
				ALWAYS_SEARCH_USER_PATHS = NO;
				ASSETCATALOG_COMPILER_GENERATE_SWIFT_ASSET_SYMBOL_EXTENSIONS = YES;
				CLANG_ANALYZER_NONNULL = YES;
				CLANG_ANALYZER_NUMBER_OBJECT_CONVERSION = YES_AGGRESSIVE;
				CLANG_CXX_LANGUAGE_STANDARD = "gnu++20";
				CLANG_ENABLE_MODULES = YES;
				CLANG_ENABLE_OBJC_ARC = YES;
				CLANG_ENABLE_OBJC_WEAK = YES;
				CLANG_WARN_BLOCK_CAPTURE_AUTORELEASING = YES;
				CLANG_WARN_BOOL_CONVERSION = YES;
				CLANG_WARN_COMMA = YES;
				CLANG_WARN_CONSTANT_CONVERSION = YES;
				CLANG_WARN_DEPRECATED_OBJC_IMPLEMENTATIONS = YES;
				CLANG_WARN_DIRECT_OBJC_ISA_USAGE = YES_ERROR;
				CLANG_WARN_DOCUMENTATION_COMMENTS = YES;
				CLANG_WARN_EMPTY_BODY = YES;
				CLANG_WARN_ENUM_CONVERSION = YES;
				CLANG_WARN_INFINITE_RECURSION = YES;
				CLANG_WARN_INT_CONVERSION = YES;
				CLANG_WARN_NON_LITERAL_NULL_CONVERSION = YES;
				CLANG_WARN_OBJC_IMPLICIT_RETAIN_SELF = YES;
				CLANG_WARN_OBJC_LITERAL_CONVERSION = YES;
				CLANG_WARN_OBJC_ROOT_CLASS = YES_ERROR;
				CLANG_WARN_QUOTED_INCLUDE_IN_FRAMEWORK_HEADER = YES;
				CLANG_WARN_RANGE_LOOP_ANALYSIS = YES;
				CLANG_WARN_STRICT_PROTOTYPES = YES;
				CLANG_WARN_SUSPICIOUS_MOVE = YES;
				CLANG_WARN_UNGUARDED_AVAILABILITY = YES_AGGRESSIVE;
				CLANG_WARN_UNREACHABLE_CODE = YES;
				CLANG_WARN__DUPLICATE_METHOD_MATCH = YES;
				COPY_PHASE_STRIP = NO;
				DEBUG_INFORMATION_FORMAT = dwarf;
				ENABLE_STRICT_OBJC_MSGSEND = YES;
				ENABLE_TESTABILITY = YES;
				ENABLE_USER_SCRIPT_SANDBOXING = YES;
				GCC_C_LANGUAGE_STANDARD = gnu17;
				GCC_DYNAMIC_NO_PIC = NO;
				GCC_NO_COMMON_BLOCKS = YES;
				GCC_OPTIMIZATION_LEVEL = 0;
				GCC_PREPROCESSOR_DEFINITIONS = (
					"DEBUG=1",
					"$(inherited)",
				);
				GCC_WARN_64_TO_32_BIT_CONVERSION = YES;
				GCC_WARN_ABOUT_RETURN_TYPE = YES_ERROR;
				GCC_WARN_UNDECLARED_SELECTOR = YES;
				GCC_WARN_UNINITIALIZED_AUTOS = YES_AGGRESSIVE;
				GCC_WARN_UNUSED_FUNCTION = YES;
				GCC_WARN_UNUSED_VARIABLE = YES;
				LOCALIZATION_PREFERS_STRING_CATALOGS = YES;
				MTL_ENABLE_DEBUG_INFO = INCLUDE_SOURCE;
				MTL_FAST_MATH = YES;
				ONLY_ACTIVE_ARCH = YES;
				SWIFT_ACTIVE_COMPILATION_CONDITIONS = "DEBUG $(inherited)";
				SWIFT_OPTIMIZATION_LEVEL = "-Onone";
			};
			name = Debug;
		};
		28206F3D2CA107EC00FBB2CF /* Release */ = {
			isa = XCBuildConfiguration;
			buildSettings = {
				ALWAYS_SEARCH_USER_PATHS = NO;
				ASSETCATALOG_COMPILER_GENERATE_SWIFT_ASSET_SYMBOL_EXTENSIONS = YES;
				CLANG_ANALYZER_NONNULL = YES;
				CLANG_ANALYZER_NUMBER_OBJECT_CONVERSION = YES_AGGRESSIVE;
				CLANG_CXX_LANGUAGE_STANDARD = "gnu++20";
				CLANG_ENABLE_MODULES = YES;
				CLANG_ENABLE_OBJC_ARC = YES;
				CLANG_ENABLE_OBJC_WEAK = YES;
				CLANG_WARN_BLOCK_CAPTURE_AUTORELEASING = YES;
				CLANG_WARN_BOOL_CONVERSION = YES;
				CLANG_WARN_COMMA = YES;
				CLANG_WARN_CONSTANT_CONVERSION = YES;
				CLANG_WARN_DEPRECATED_OBJC_IMPLEMENTATIONS = YES;
				CLANG_WARN_DIRECT_OBJC_ISA_USAGE = YES_ERROR;
				CLANG_WARN_DOCUMENTATION_COMMENTS = YES;
				CLANG_WARN_EMPTY_BODY = YES;
				CLANG_WARN_ENUM_CONVERSION = YES;
				CLANG_WARN_INFINITE_RECURSION = YES;
				CLANG_WARN_INT_CONVERSION = YES;
				CLANG_WARN_NON_LITERAL_NULL_CONVERSION = YES;
				CLANG_WARN_OBJC_IMPLICIT_RETAIN_SELF = YES;
				CLANG_WARN_OBJC_LITERAL_CONVERSION = YES;
				CLANG_WARN_OBJC_ROOT_CLASS = YES_ERROR;
				CLANG_WARN_QUOTED_INCLUDE_IN_FRAMEWORK_HEADER = YES;
				CLANG_WARN_RANGE_LOOP_ANALYSIS = YES;
				CLANG_WARN_STRICT_PROTOTYPES = YES;
				CLANG_WARN_SUSPICIOUS_MOVE = YES;
				CLANG_WARN_UNGUARDED_AVAILABILITY = YES_AGGRESSIVE;
				CLANG_WARN_UNREACHABLE_CODE = YES;
				CLANG_WARN__DUPLICATE_METHOD_MATCH = YES;
				COPY_PHASE_STRIP = NO;
				DEBUG_INFORMATION_FORMAT = "dwarf-with-dsym";
				ENABLE_NS_ASSERTIONS = NO;
				ENABLE_STRICT_OBJC_MSGSEND = YES;
				ENABLE_USER_SCRIPT_SANDBOXING = YES;
				GCC_C_LANGUAGE_STANDARD = gnu17;
				GCC_NO_COMMON_BLOCKS = YES;
				GCC_WARN_64_TO_32_BIT_CONVERSION = YES;
				GCC_WARN_ABOUT_RETURN_TYPE = YES_ERROR;
				GCC_WARN_UNDECLARED_SELECTOR = YES;
				GCC_WARN_UNINITIALIZED_AUTOS = YES_AGGRESSIVE;
				GCC_WARN_UNUSED_FUNCTION = YES;
				GCC_WARN_UNUSED_VARIABLE = YES;
				LOCALIZATION_PREFERS_STRING_CATALOGS = YES;
				MTL_ENABLE_DEBUG_INFO = NO;
				MTL_FAST_MATH = YES;
				SWIFT_COMPILATION_MODE = wholemodule;
			};
			name = Release;
		};
		28206F3F2CA107EC00FBB2CF /* Debug */ = {
			isa = XCBuildConfiguration;
			buildSettings = {
				ASSETCATALOG_COMPILER_APPICON_NAME = AppIcon;
				ASSETCATALOG_COMPILER_GLOBAL_ACCENT_COLOR_NAME = AccentColor;
				CODE_SIGN_ENTITLEMENTS = Swift_Demo/Swift_Demo.entitlements;
				CODE_SIGN_STYLE = Automatic;
				CURRENT_PROJECT_VERSION = 1;
				DEVELOPMENT_ASSET_PATHS = "\"Swift_Demo/Preview Content\"";
				DEVELOPMENT_TEAM = 9225MK9TVU;
				ENABLE_HARDENED_RUNTIME = YES;
				ENABLE_PREVIEWS = YES;
				GENERATE_INFOPLIST_FILE = YES;
				"INFOPLIST_KEY_UIApplicationSceneManifest_Generation[sdk=iphoneos*]" = YES;
				"INFOPLIST_KEY_UIApplicationSceneManifest_Generation[sdk=iphonesimulator*]" = YES;
				"INFOPLIST_KEY_UIApplicationSupportsIndirectInputEvents[sdk=iphoneos*]" = YES;
				"INFOPLIST_KEY_UIApplicationSupportsIndirectInputEvents[sdk=iphonesimulator*]" = YES;
				"INFOPLIST_KEY_UILaunchScreen_Generation[sdk=iphoneos*]" = YES;
				"INFOPLIST_KEY_UILaunchScreen_Generation[sdk=iphonesimulator*]" = YES;
				"INFOPLIST_KEY_UIStatusBarStyle[sdk=iphoneos*]" = UIStatusBarStyleDefault;
				"INFOPLIST_KEY_UIStatusBarStyle[sdk=iphonesimulator*]" = UIStatusBarStyleDefault;
				INFOPLIST_KEY_UISupportedInterfaceOrientations_iPad = "UIInterfaceOrientationPortrait UIInterfaceOrientationPortraitUpsideDown UIInterfaceOrientationLandscapeLeft UIInterfaceOrientationLandscapeRight";
				INFOPLIST_KEY_UISupportedInterfaceOrientations_iPhone = "UIInterfaceOrientationPortrait UIInterfaceOrientationLandscapeLeft UIInterfaceOrientationLandscapeRight";
				IPHONEOS_DEPLOYMENT_TARGET = 17.5;
				LD_RUNPATH_SEARCH_PATHS = "@executable_path/Frameworks";
				"LD_RUNPATH_SEARCH_PATHS[sdk=macosx*]" = "@executable_path/../Frameworks";
				MACOSX_DEPLOYMENT_TARGET = 14.5;
				MARKETING_VERSION = 1.0;
				PRODUCT_BUNDLE_IDENTIFIER = "com.gabrodev.Swift-Demo";
				PRODUCT_NAME = "$(TARGET_NAME)";
				SDKROOT = auto;
				SUPPORTED_PLATFORMS = "iphoneos iphonesimulator macosx";
				SWIFT_EMIT_LOC_STRINGS = YES;
				SWIFT_VERSION = 5.0;
				TARGETED_DEVICE_FAMILY = "1,2";
			};
			name = Debug;
		};
		28206F402CA107EC00FBB2CF /* Release */ = {
			isa = XCBuildConfiguration;
			buildSettings = {
				ASSETCATALOG_COMPILER_APPICON_NAME = AppIcon;
				ASSETCATALOG_COMPILER_GLOBAL_ACCENT_COLOR_NAME = AccentColor;
				CODE_SIGN_ENTITLEMENTS = Swift_Demo/Swift_Demo.entitlements;
				CODE_SIGN_STYLE = Automatic;
				CURRENT_PROJECT_VERSION = 1;
				DEVELOPMENT_ASSET_PATHS = "\"Swift_Demo/Preview Content\"";
				DEVELOPMENT_TEAM = 9225MK9TVU;
				ENABLE_HARDENED_RUNTIME = YES;
				ENABLE_PREVIEWS = YES;
				GENERATE_INFOPLIST_FILE = YES;
				"INFOPLIST_KEY_UIApplicationSceneManifest_Generation[sdk=iphoneos*]" = YES;
				"INFOPLIST_KEY_UIApplicationSceneManifest_Generation[sdk=iphonesimulator*]" = YES;
				"INFOPLIST_KEY_UIApplicationSupportsIndirectInputEvents[sdk=iphoneos*]" = YES;
				"INFOPLIST_KEY_UIApplicationSupportsIndirectInputEvents[sdk=iphonesimulator*]" = YES;
				"INFOPLIST_KEY_UILaunchScreen_Generation[sdk=iphoneos*]" = YES;
				"INFOPLIST_KEY_UILaunchScreen_Generation[sdk=iphonesimulator*]" = YES;
				"INFOPLIST_KEY_UIStatusBarStyle[sdk=iphoneos*]" = UIStatusBarStyleDefault;
				"INFOPLIST_KEY_UIStatusBarStyle[sdk=iphonesimulator*]" = UIStatusBarStyleDefault;
				INFOPLIST_KEY_UISupportedInterfaceOrientations_iPad = "UIInterfaceOrientationPortrait UIInterfaceOrientationPortraitUpsideDown UIInterfaceOrientationLandscapeLeft UIInterfaceOrientationLandscapeRight";
				INFOPLIST_KEY_UISupportedInterfaceOrientations_iPhone = "UIInterfaceOrientationPortrait UIInterfaceOrientationLandscapeLeft UIInterfaceOrientationLandscapeRight";
				IPHONEOS_DEPLOYMENT_TARGET = 17.5;
				LD_RUNPATH_SEARCH_PATHS = "@executable_path/Frameworks";
				"LD_RUNPATH_SEARCH_PATHS[sdk=macosx*]" = "@executable_path/../Frameworks";
				MACOSX_DEPLOYMENT_TARGET = 14.5;
				MARKETING_VERSION = 1.0;
				PRODUCT_BUNDLE_IDENTIFIER = "com.gabrodev.Swift-Demo";
				PRODUCT_NAME = "$(TARGET_NAME)";
				SDKROOT = auto;
				SUPPORTED_PLATFORMS = "iphoneos iphonesimulator macosx";
				SWIFT_EMIT_LOC_STRINGS = YES;
				SWIFT_VERSION = 5.0;
				TARGETED_DEVICE_FAMILY = "1,2";
			};
			name = Release;
		};
		28206F422CA107EC00FBB2CF /* Debug */ = {
			isa = XCBuildConfiguration;
			buildSettings = {
				ALWAYS_EMBED_SWIFT_STANDARD_LIBRARIES = YES;
				BUNDLE_LOADER = "$(TEST_HOST)";
				CODE_SIGN_STYLE = Automatic;
				CURRENT_PROJECT_VERSION = 1;
				DEVELOPMENT_TEAM = 9225MK9TVU;
				GENERATE_INFOPLIST_FILE = YES;
				IPHONEOS_DEPLOYMENT_TARGET = 17.5;
				MACOSX_DEPLOYMENT_TARGET = 14.5;
				MARKETING_VERSION = 1.0;
				PRODUCT_BUNDLE_IDENTIFIER = "com.gabrodev.Swift-DemoTests";
				PRODUCT_NAME = "$(TARGET_NAME)";
				SDKROOT = auto;
				SUPPORTED_PLATFORMS = "iphoneos iphonesimulator macosx";
				SWIFT_EMIT_LOC_STRINGS = NO;
				SWIFT_VERSION = 5.0;
				TARGETED_DEVICE_FAMILY = "1,2";
				TEST_HOST = "$(BUILT_PRODUCTS_DIR)/Swift_Demo.app/$(BUNDLE_EXECUTABLE_FOLDER_PATH)/Swift_Demo";
			};
			name = Debug;
		};
		28206F432CA107EC00FBB2CF /* Release */ = {
			isa = XCBuildConfiguration;
			buildSettings = {
				ALWAYS_EMBED_SWIFT_STANDARD_LIBRARIES = YES;
				BUNDLE_LOADER = "$(TEST_HOST)";
				CODE_SIGN_STYLE = Automatic;
				CURRENT_PROJECT_VERSION = 1;
				DEVELOPMENT_TEAM = 9225MK9TVU;
				GENERATE_INFOPLIST_FILE = YES;
				IPHONEOS_DEPLOYMENT_TARGET = 17.5;
				MACOSX_DEPLOYMENT_TARGET = 14.5;
				MARKETING_VERSION = 1.0;
				PRODUCT_BUNDLE_IDENTIFIER = "com.gabrodev.Swift-DemoTests";
				PRODUCT_NAME = "$(TARGET_NAME)";
				SDKROOT = auto;
				SUPPORTED_PLATFORMS = "iphoneos iphonesimulator macosx";
				SWIFT_EMIT_LOC_STRINGS = NO;
				SWIFT_VERSION = 5.0;
				TARGETED_DEVICE_FAMILY = "1,2";
				TEST_HOST = "$(BUILT_PRODUCTS_DIR)/Swift_Demo.app/$(BUNDLE_EXECUTABLE_FOLDER_PATH)/Swift_Demo";
			};
			name = Release;
		};
		28206F452CA107EC00FBB2CF /* Debug */ = {
			isa = XCBuildConfiguration;
			buildSettings = {
				ALWAYS_EMBED_SWIFT_STANDARD_LIBRARIES = YES;
				CODE_SIGN_STYLE = Automatic;
				CURRENT_PROJECT_VERSION = 1;
				DEVELOPMENT_TEAM = 9225MK9TVU;
				GENERATE_INFOPLIST_FILE = YES;
				IPHONEOS_DEPLOYMENT_TARGET = 17.5;
				MACOSX_DEPLOYMENT_TARGET = 14.5;
				MARKETING_VERSION = 1.0;
				PRODUCT_BUNDLE_IDENTIFIER = "com.gabrodev.Swift-DemoUITests";
				PRODUCT_NAME = "$(TARGET_NAME)";
				SDKROOT = auto;
				SUPPORTED_PLATFORMS = "iphoneos iphonesimulator macosx";
				SWIFT_EMIT_LOC_STRINGS = NO;
				SWIFT_VERSION = 5.0;
				TARGETED_DEVICE_FAMILY = "1,2";
				TEST_TARGET_NAME = Swift_Demo;
			};
			name = Debug;
		};
		28206F462CA107EC00FBB2CF /* Release */ = {
			isa = XCBuildConfiguration;
			buildSettings = {
				ALWAYS_EMBED_SWIFT_STANDARD_LIBRARIES = YES;
				CODE_SIGN_STYLE = Automatic;
				CURRENT_PROJECT_VERSION = 1;
				DEVELOPMENT_TEAM = 9225MK9TVU;
				GENERATE_INFOPLIST_FILE = YES;
				IPHONEOS_DEPLOYMENT_TARGET = 17.5;
				MACOSX_DEPLOYMENT_TARGET = 14.5;
				MARKETING_VERSION = 1.0;
				PRODUCT_BUNDLE_IDENTIFIER = "com.gabrodev.Swift-DemoUITests";
				PRODUCT_NAME = "$(TARGET_NAME)";
				SDKROOT = auto;
				SUPPORTED_PLATFORMS = "iphoneos iphonesimulator macosx";
				SWIFT_EMIT_LOC_STRINGS = NO;
				SWIFT_VERSION = 5.0;
				TARGETED_DEVICE_FAMILY = "1,2";
				TEST_TARGET_NAME = Swift_Demo;
			};
			name = Release;
		};
/* End XCBuildConfiguration section */

/* Begin XCConfigurationList section */
		28206F142CA107E900FBB2CF /* Build configuration list for PBXProject "Swift_Demo" */ = {
			isa = XCConfigurationList;
			buildConfigurations = (
				28206F3C2CA107EC00FBB2CF /* Debug */,
				28206F3D2CA107EC00FBB2CF /* Release */,
			);
			defaultConfigurationIsVisible = 0;
			defaultConfigurationName = Release;
		};
		28206F3E2CA107EC00FBB2CF /* Build configuration list for PBXNativeTarget "Swift_Demo" */ = {
			isa = XCConfigurationList;
			buildConfigurations = (
				28206F3F2CA107EC00FBB2CF /* Debug */,
				28206F402CA107EC00FBB2CF /* Release */,
			);
			defaultConfigurationIsVisible = 0;
			defaultConfigurationName = Release;
		};
		28206F412CA107EC00FBB2CF /* Build configuration list for PBXNativeTarget "Swift_DemoTests" */ = {
			isa = XCConfigurationList;
			buildConfigurations = (
				28206F422CA107EC00FBB2CF /* Debug */,
				28206F432CA107EC00FBB2CF /* Release */,
			);
			defaultConfigurationIsVisible = 0;
			defaultConfigurationName = Release;
		};
		28206F442CA107EC00FBB2CF /* Build configuration list for PBXNativeTarget "Swift_DemoUITests" */ = {
			isa = XCConfigurationList;
			buildConfigurations = (
				28206F452CA107EC00FBB2CF /* Debug */,
				28206F462CA107EC00FBB2CF /* Release */,
			);
			defaultConfigurationIsVisible = 0;
			defaultConfigurationName = Release;
		};
/* End XCConfigurationList section */
	};
	rootObject = 28206F112CA107E900FBB2CF /* Project object */;
}
